{
  "lockfileVersion": 2,
  "configVersion": 1,
  "workspaces": {
    "": {
      "name": "freeciv-arena",
      "devDependencies": {
        "@effect/language-service": "^0.87.2",
        "@effect/tsgo": "^0.36.4",
        "@types/bun": "^1.3.14",
        "oxlint": "1.77.0",
        "oxlint-tsgolint": "^7.0.2001",
        "typescript": "^7",
      },
    },
    "arena/harness": {
      "name": "@arena/harness",
      "version": "0.1.0",
      "dependencies": {
        "@arena/telemetry": "workspace:*",
        "@arena/wire": "workspace:*",
        "@effect/cli": "^0.77.0",
        "@effect/platform": "^0.97.1",
        "@effect/platform-bun": "^0.91.2",
        "effect": "^3.22.1",
      },
      "devDependencies": {
        "@effect/language-service": "^0.87.2",
        "@effect/tsgo": "^0.36.4",
        "@types/bun": "^1.3.14",
        "oxlint": "1.77.0",
        "oxlint-tsgolint": "^7.0.2001",
        "typescript": "^7",
      },
    },
    "arena/telemetry": {
      "name": "@arena/telemetry",
      "version": "0.1.0",
      "dependencies": {
        "effect": "^3.22.1",
        "evlog": "^2.26.0",
      },
      "devDependencies": {
        "@effect/language-service": "^0.87.2",
        "@effect/tsgo": "^0.36.4",
        "@types/bun": "^1.3.14",
        "oxlint": "1.77.0",
        "oxlint-tsgolint": "^7.0.2001",
        "typescript": "^7",
      },
    },
    "arena/wire": {
      "name": "@arena/wire",
      "version": "0.1.0",
      "dependencies": {
        "effect": "^3.22.1",
      },
      "devDependencies": {
        "@effect/language-service": "^0.87.2",
        "@effect/tsgo": "^0.36.4",
        "@types/bun": "^1.3.14",
        "oxlint": "1.77.0",
        "oxlint-tsgolint": "^7.0.2001",
        "typescript": "^7",
      },
    },
  },
  "packages": {
    "@arena/harness": ["@arena/harness@workspace:arena/harness"],

    "@arena/telemetry": ["@arena/telemetry@workspace:arena/telemetry"],

    "@arena/wire": ["@arena/wire@workspace:arena/wire"],

    "@effect/cli": ["@effect/cli@0.77.0", "", { "dependencies": { "ini": "^4.1.3", "toml": "^3.0.0", "yaml": "^2.5.0" }, "peerDependencies": { "@effect/platform": "^0.97.1", "@effect/printer": "^0.51.0", "@effect/printer-ansi": "^0.51.0", "effect": "^3.22.1" } }, "sha512-uVw33bcqPaSu6YZqGf6MyM2CbYsE79mrAnQsDzSFnP8jmnjNfXWrfmWUGK2yy0jXD0wWmVbmvwm4xVFv2Utsog=="],

    "@effect/cluster": ["@effect/cluster@0.60.2", "", { "dependencies": { "kubernetes-types": "^1.30.0" }, "peerDependencies": { "@effect/platform": "^0.97.1", "@effect/rpc": "^0.76.2", "@effect/sql": "^0.52.1", "@effect/workflow": "^0.19.1", "effect": "^3.22.1" } }, "sha512-GEODN5kvFJ0L0XSkANcS8s6lfhjrrA8x/ezYUV/lXerqCHf5xo3ZTPUanGMHu5Byvikng0mZDcyNvke2sGjfSQ=="],

    "@effect/experimental": ["@effect/experimental@0.61.1", "", { "dependencies": { "uuid": "^11.0.3" }, "peerDependencies": { "@effect/platform": "^0.97.1", "effect": "^3.22.1", "ioredis": "^5", "lmdb": "^3" }, "optionalPeers": ["ioredis", "lmdb"] }, "sha512-+P+PgGQeE2fXmsm63YoyENNcQIc7OiCkY4/HLkEdTvq93syfGIpwDfQD8u3xODMHJhZ5ZtRZHH4+UedFO0tLiA=="],

    "@effect/language-service": ["@effect/language-service@0.87.2", "", { "bin": { "effect-language-service": "cli.js" } }, "sha512-CfiSoaVQO8pZgaMZGw5VvMvRGybsJ2LaSDoLYaqiVGvo/YYPYVR2GzUKY0h1NtIweq/+SQ5XLrvtzPIttWQ0GQ=="],

    "@effect/platform": ["@effect/platform@0.97.1", "", { "dependencies": { "find-my-way-ts": "^0.1.6", "msgpackr": "^1.11.10", "multipasta": "^0.2.8" }, "peerDependencies": { "effect": "^3.22.1" } }, "sha512-IevWxwmrxCdeXxbXDx/hiOstHtERRigd1nhZSuHgiFEl7NkBmS/5GVWsRacq4NfJN2uCXqggETKNwij15VEpew=="],

    "@effect/platform-bun": ["@effect/platform-bun@0.91.2", "", { "dependencies": { "@effect/platform-node-shared": "^0.61.1", "multipasta": "^0.2.8" }, "peerDependencies": { "@effect/cluster": "^0.60.2", "@effect/platform": "^0.97.1", "@effect/rpc": "^0.76.2", "@effect/sql": "^0.52.1", "effect": "^3.22.1" } }, "sha512-lISuYdx54uX6BIu0AIwvIqG6mbFkT0UlqGWZm7Jn2V6Ni3nCumnaBfMxYrdGWJzkoGIi1xEkvmRRk5Ff7r6NEA=="],

    "@effect/platform-node-shared": ["@effect/platform-node-shared@0.61.1", "", { "dependencies": { "@parcel/watcher": "^2.5.1", "multipasta": "^0.2.8", "ws": "^8.18.2" }, "peerDependencies": { "@effect/cluster": "^0.60.1", "@effect/platform": "^0.97.1", "@effect/rpc": "^0.76.1", "@effect/sql": "^0.52.1", "effect": "^3.22.1" } }, "sha512-MJAJ1Nc43pYJb5ulFtdNID8klNyRLcbQ0zZ7XYRcBAlT/DrCyN4yAD89AzosmUyfOU+LMHdc8LTMt4rKNEMFaA=="],

    "@effect/printer": ["@effect/printer@0.51.0", "", { "peerDependencies": { "@effect/typeclass": "^0.41.0", "effect": "^3.22.1" } }, "sha512-TdUPaEKwLbo9lpl+atjJvcQqNGM5/sH5Y+iulaLw3uvArHrZSx+HHwa0q0ptuNmOfuEG5j/RRAJHcKFmUyOi8Q=="],

    "@effect/printer-ansi": ["@effect/printer-ansi@0.51.0", "", { "dependencies": { "@effect/printer": "^0.51.0" }, "peerDependencies": { "@effect/typeclass": "^0.41.0", "effect": "^3.22.1" } }, "sha512-tV36FU7q+3/avuctRl7Gt4u2RsVJ2x2b0n82s6SLUcXxDZ0G1dkE2feQL0UeSjPRZhgq36CaVAEDyhDPkSK8XQ=="],

    "@effect/rpc": ["@effect/rpc@0.76.2", "", { "dependencies": { "msgpackr": "^1.11.10" }, "peerDependencies": { "@effect/platform": "^0.97.1", "effect": "^3.22.1" } }, "sha512-x/4jvjufr1m3QWAace7G5Xh09DDcaeU7ijvS0Qumkan/hM89n19JClYnlV3IW93RACZInbgdyOVA+4kOQJ+JQQ=="],

    "@effect/sql": ["@effect/sql@0.52.1", "", { "dependencies": { "uuid": "^11.0.3" }, "peerDependencies": { "@effect/experimental": "^0.61.1", "@effect/platform": "^0.97.1", "effect": "^3.22.1" } }, "sha512-dUVPjlUgpga6sDa/MtYipHAqzHx2St41hxI00nXTBt4IBBJaf2lTGaOvlEoBg/q6PHVAgSoKnxe19pWUvabC9g=="],

    "@effect/tsgo": ["@effect/tsgo@0.36.4", "", { "optionalDependencies": { "@effect/tsgo-darwin-arm64": "0.36.4", "@effect/tsgo-darwin-x64": "0.36.4", "@effect/tsgo-linux-arm": "0.36.4", "@effect/tsgo-linux-arm64": "0.36.4", "@effect/tsgo-linux-x64": "0.36.4", "@effect/tsgo-win32-arm64": "0.36.4", "@effect/tsgo-win32-x64": "0.36.4" }, "bin": { "effect-tsgo": "dist/effect-tsgo.cjs" } }, "sha512-fNmdUV6FgXnvIcG18AVS1SRXt7z9jsyBh5CKuJYmTsE+DgbLaWF0CevKHx7hQPcidDWRVmdJYfU66Jvc/ZEt6w=="],

    "@effect/tsgo-darwin-arm64": ["@effect/tsgo-darwin-arm64@0.36.4", "", { "os": "darwin", "cpu": "arm64" }, "sha512-oOcWdKQucNch6G4CvidHEzmfgeKEPMvFcz+DXuKGonBLwVHX+i1VYGbZwccEOoiitOg7eWVl4e8S0qKMXg3/gg=="],

    "@effect/tsgo-darwin-x64": ["@effect/tsgo-darwin-x64@0.36.4", "", { "os": "darwin", "cpu": "x64" }, "sha512-4QZh0n/nUoTI7sp4o7gDEviJ/jXH+IFTVqIyQ2w2fqqPoOvaGl9bVoR/2f9j/67hvY4DHcXKaccpmyoRYhaYsw=="],

    "@effect/tsgo-linux-arm": ["@effect/tsgo-linux-arm@0.36.4", "", { "os": "linux", "cpu": "arm" }, "sha512-10oTUnOK/RCfmTMFvMndNIfk61uviyYBRpbxhDd/SiU6DYCmWlnZ/xhGmgyj5uiysOiFNsp3NKxT0d9y4uAz8g=="],

    "@effect/tsgo-linux-arm64": ["@effect/tsgo-linux-arm64@0.36.4", "", { "os": "linux", "cpu": "arm64" }, "sha512-aOv+wVbZWgBt9PGXPA874qgw151GrzkWqaswe+4TXjhdw/M4i35PCUH5T+uaQj3FnQ1NWiPqHIGfNBRjf3xG6w=="],

    "@effect/tsgo-linux-x64": ["@effect/tsgo-linux-x64@0.36.4", "", { "os": "linux", "cpu": "x64" }, "sha512-+BuwiG5d8dLNrrN1PB5GA3gRkBwvlUYmMkm/XkttaLnppp9jePFkB8CgAiNV8j290q7BVO2nQjao5aPkVwmluw=="],

    "@effect/tsgo-win32-arm64": ["@effect/tsgo-win32-arm64@0.36.4", "", { "os": "win32", "cpu": "arm64" }, "sha512-HsW90wbMWOeorUeNMdTqTcMZIDcCXdkeFGXTUkx9K1R21fXSw+QEdPtTmEyKsRMXEH4vqek/HQa0yMkUT0CJzA=="],

    "@effect/tsgo-win32-x64": ["@effect/tsgo-win32-x64@0.36.4", "", { "os": "win32", "cpu": "x64" }, "sha512-q4j1q0ESYxxookjA0ECz/84DEH2MsP51K0aZb3uXKfxagHDASPoWDcVu4BJTcwrK5kdZzvw9QrCPjAXe9WZqng=="],

    "@effect/typeclass": ["@effect/typeclass@0.41.0", "", { "peerDependencies": { "effect": "^3.22.0" } }, "sha512-Tsv94iDPUWgmz/JsYUh7awx5mmFukEJZB+duyzlLRlCHxNUz5LHBBzTaEfUPNMzAE1s8FTUSVwdPSpL0DznXKg=="],

    "@effect/workflow": ["@effect/workflow@0.19.1", "", { "peerDependencies": { "@effect/experimental": "^0.61.1", "@effect/platform": "^0.97.1", "@effect/rpc": "^0.76.2", "effect": "^3.22.1" } }, "sha512-irU6ddHdIxYOhv0cJiJTk2AUxRmPYjRJ5JdB5UCvpJC4vLCyR2XyKspiCNDiEX1aSGPhVWEXhVMWXR1cErMS3A=="],

    "@msgpackr-extract/msgpackr-extract-darwin-arm64": ["@msgpackr-extract/msgpackr-extract-darwin-arm64@3.0.4", "", { "os": "darwin", "cpu": "arm64" }, "sha512-LCkGo6JDfaBhgST7UpPWgNgLINpcpabaHfyz5OBx75nUYxBsaEPxjnyNjWpeb/xBup/682QnBfRBy2/LvPutZQ=="],

    "@msgpackr-extract/msgpackr-extract-darwin-x64": ["@msgpackr-extract/msgpackr-extract-darwin-x64@3.0.4", "", { "os": "darwin", "cpu": "x64" }, "sha512-zExlW9zUJKZH/tOtVMttwjKa4Xm/3KcNjnE3dPN92uCktwavMxpgCA3MoJK/DOnTWsQgo224OaST27/mPNAf+w=="],

    "@msgpackr-extract/msgpackr-extract-linux-arm": ["@msgpackr-extract/msgpackr-extract-linux-arm@3.0.4", "", { "os": "linux", "cpu": "arm" }, "sha512-Tg3yX65f5GbtXLkrYEHE5oibZG9epyYWas7FogTTEJeDEF9JlXJzKgXaNhT3UXlTOeA+AfZpYZYZ0uPj7Cfquw=="],

    "@msgpackr-extract/msgpackr-extract-linux-arm64": ["@msgpackr-extract/msgpackr-extract-linux-arm64@3.0.4", "", { "os": "linux", "cpu": "arm64" }, "sha512-dgX0P/9wGPJeHFBG+ZmhgE6bmtMt7NP5CRBGyyktpopdk/mW4POnrpQsSLtKI1dwpc+pPLuXHDh6vvskyQE/sw=="],

    "@msgpackr-extract/msgpackr-extract-linux-x64": ["@msgpackr-extract/msgpackr-extract-linux-x64@3.0.4", "", { "os": "linux", "cpu": "x64" }, "sha512-8TNXMEjJc3QEy7R/x1INhgiU+XakDAFUzBhaz7+Rbrs8NH5UQeHQxxmzsSBJGyV6I1jW79undiQm8tOI+D+8FQ=="],

    "@msgpackr-extract/msgpackr-extract-win32-x64": ["@msgpackr-extract/msgpackr-extract-win32-x64@3.0.4", "", { "os": "win32", "cpu": "x64" }, "sha512-CmCXPQrkbwExx3j946/PtHWHbYJiCRBRDl4BlkRQcJB/YOwQxJRTpoo7aTsortjgoJ1x7opzTSxn7C+ASSLVjQ=="],

    "@oxlint-tsgolint/darwin-arm64": ["@oxlint-tsgolint/darwin-arm64@7.0.2001", "", { "os": "darwin", "cpu": "arm64" }, "sha512-CUJEdbSZ54+Xy9OXqOhWLTKZKV0BBiV7C2i/ygyVmXtkUNXx5YCzN8DpSSshTAKktoL7S+tnQ/ftFG/i7X896w=="],

    "@oxlint-tsgolint/darwin-x64": ["@oxlint-tsgolint/darwin-x64@7.0.2001", "", { "os": "darwin", "cpu": "x64" }, "sha512-pXfBb5BqONCcgrXQNUZWXgiYmRSWJzd97S8i41VVOh6ut0tyo+cJ5FKFpczDHxiVNfj/3e7c9B4MtztNdpIVCw=="],

    "@oxlint-tsgolint/linux-arm64": ["@oxlint-tsgolint/linux-arm64@7.0.2001", "", { "os": "linux", "cpu": "arm64" }, "sha512-roP7zujb/QDPzDwEKsFFpzNHHy91/Y7oX9vQXk78ekyZtcQj1QXDIMH33gjDdHBfRl4K9pZ36xhRgrP4Zr+R8A=="],

    "@oxlint-tsgolint/linux-x64": ["@oxlint-tsgolint/linux-x64@7.0.2001", "", { "os": "linux", "cpu": "x64" }, "sha512-UDezNqdECVmngu2TPnjaS1YoAmcTaBoI5lV9vk3VahBxoi+I5r9k3iJTT7qZoYWOXTD/7T7bNcwRgrocR6BscQ=="],

    "@oxlint-tsgolint/win32-arm64": ["@oxlint-tsgolint/win32-arm64@7.0.2001", "", { "os": "win32", "cpu": "arm64" }, "sha512-uJZhqB6pdXLuN+AD1F5082byyQti/NPmJA77GtcFlmT2HzRelqbNls3SaIqxpjdFgvSBF9g0yOKGBkGFg7kX8Q=="],

    "@oxlint-tsgolint/win32-x64": ["@oxlint-tsgolint/win32-x64@7.0.2001", "", { "os": "win32", "cpu": "x64" }, "sha512-FkDRm8hx9OwzGQqyWG1tO5QrTLRApff9DzSgpz9QZau37BR8d1VYKOxMLGf6shPZntJFoTwIIJYT68VndYDCog=="],

    "@oxlint/binding-android-arm-eabi": ["@oxlint/binding-android-arm-eabi@1.77.0", "", { "os": "android", "cpu": "arm" }, "sha512-E06sKWS6PiI6HRxS1wyQg22HvApt01hI7fV+T3wUk3OSbaaP4a3hYGY/MIQDmASqCiRjBdpRQYkgMkqH82cWmQ=="],

    "@oxlint/binding-android-arm64": ["@oxlint/binding-android-arm64@1.77.0", "", { "os": "android", "cpu": "arm64" }, "sha512-NvsKz0KZxTp9cYWPLf+FXaSZwB3oO3peAjtukpOMBgse2vhQSoIIVqeO1yR0lEo/UcdZIDL18uq+kL0LzQ0ytA=="],

    "@oxlint/binding-darwin-arm64": ["@oxlint/binding-darwin-arm64@1.77.0", "", { "os": "darwin", "cpu": "arm64" }, "sha512-bgjTn6nW4bQCFBvSvuHCpDD+sONvmpo4lGI4PxzMt1quBA+xYxhczk6RiCn3GZ9gY8uhaBbwhj9MdKGfu6T9DA=="],

    "@oxlint/binding-darwin-x64": ["@oxlint/binding-darwin-x64@1.77.0", "", { "os": "darwin", "cpu": "x64" }, "sha512-aotaIttH1R6j1Rwhx0M0htgeZyGtVQqYNTVEYMN/UcgHPquGA6kmk9OyuDc3a2GKUQBC+3C3GVQCcrRPMYqAFA=="],

    "@oxlint/binding-freebsd-x64": ["@oxlint/binding-freebsd-x64@1.77.0", "", { "os": "freebsd", "cpu": "x64" }, "sha512-nNx/wta7ksRAdYvq+l4AWjXkLxEXHALhENxjj2cYbQAIR4ybaA5L+hCbE63HOmft5czQ6ks+hb8vmEAnn7YGPg=="],

    "@oxlint/binding-linux-arm-gnueabihf": ["@oxlint/binding-linux-arm-gnueabihf@1.77.0", "", { "os": "linux", "cpu": "arm" }, "sha512-tMLLjM7xXtzXisVCzkOTXNCy9bZVId2wteNwjohlFDR/jY6WagpEDA1c1wu4xRc20Hojaxj+V6DSR7gbKxijWA=="],

    "@oxlint/binding-linux-arm-musleabihf": ["@oxlint/binding-linux-arm-musleabihf@1.77.0", "", { "os": "linux", "cpu": "arm" }, "sha512-MiAFDFaqR0tmHTAyo0YDcZ5hyLREdYw/RQhc2R3cbT+8O3tB+zqPM2th9TTQ+Uo3jn/embS+DO+HyX9ztCPkOQ=="],

    "@oxlint/binding-linux-arm64-gnu": ["@oxlint/binding-linux-arm64-gnu@1.77.0", "", { "os": "linux", "cpu": "arm64" }, "sha512-/xqQ3B16i1T4cyt/9Mn+4CpzhUXoBXp7kVpIwzOXNFLj5JmK1bIjsbSnX296Gg8A/o7oDtKWikFgBx0SLwztkw=="],

    "@oxlint/binding-linux-arm64-musl": ["@oxlint/binding-linux-arm64-musl@1.77.0", "", { "os": "linux", "cpu": "arm64" }, "sha512-LSbwuRKiNCenPDcbARqAZ5RfBy7gmj7vOvfJRLeCDU3gFtSxWbhv/+VTlaUqzUhNj1gFLHB8h7ALnxa/Az6z6g=="],

    "@oxlint/binding-linux-ppc64-gnu": ["@oxlint/binding-linux-ppc64-gnu@1.77.0", "", { "os": "linux", "cpu": "ppc64" }, "sha512-QWdcH31mXEUe5Nq1s0CfCpceaKjIo9uZtwDjAuL681g1axf+5x8xrg/eXWaw//4NCxYZ4V4e5Hu5tvdR+pTBlg=="],

    "@oxlint/binding-linux-riscv64-gnu": ["@oxlint/binding-linux-riscv64-gnu@1.77.0", "", { "os": "linux", "cpu": "none" }, "sha512-GnOfYgJxbcElOiPZaDFDl406ONddwvOWk2jvAAAEjwAl4GofNoHF+/HHUIBYa6bFCArlcGPi0XjC4cU1pkgF/Q=="],

    "@oxlint/binding-linux-riscv64-musl": ["@oxlint/binding-linux-riscv64-musl@1.77.0", "", { "os": "linux", "cpu": "none" }, "sha512-AyEMTUCf0xY+hHF+IxqXFQIX0yQOIR8ykpY0lJNOw9xYqOzUX8dyZfRvlG0RfXwuQn2eonf/8NrMmDSZJjdqsA=="],

    "@oxlint/binding-linux-s390x-gnu": ["@oxlint/binding-linux-s390x-gnu@1.77.0", "", { "os": "linux", "cpu": "s390x" }, "sha512-sPLzEcNvxd/oyVQ5oZo92CiHkFkpBeRop13E/P3TPY+hZfXHKCOWKI70TE2RYwMKFJDc20EMjH16L7NZICtKTw=="],

    "@oxlint/binding-linux-x64-gnu": ["@oxlint/binding-linux-x64-gnu@1.77.0", "", { "os": "linux", "cpu": "x64" }, "sha512-1Oh2ssH2L7lwyvkdSqaMUfsGfwU2Wfvew+obBUYjRVqhpBcUpwnsPSEr1IzVi9XqkuY10geiLsNKecqaZC34Dw=="],

    "@oxlint/binding-linux-x64-musl": ["@oxlint/binding-linux-x64-musl@1.77.0", "", { "os": "linux", "cpu": "x64" }, "sha512-0j/2wRgNGO+Qj/M1uu/p57h/hFTTWWcfie0ufkbabeus2s5+/QqkCflnMOwLLN5m2GsNeWp4xdl4cPa4n7QCOQ=="],

    "@oxlint/binding-openharmony-arm64": ["@oxlint/binding-openharmony-arm64@1.77.0", "", { "os": "none", "cpu": "arm64" }, "sha512-BJ/j54qS0usEnyDkLYURMj2iiD9h5Cyy+ppzeMSXBGRXaGRNWnj1Mw14NqWMR5E/PzdgB30OOCCzLzbRoduafw=="],

    "@oxlint/binding-win32-arm64-msvc": ["@oxlint/binding-win32-arm64-msvc@1.77.0", "", { "os": "win32", "cpu": "arm64" }, "sha512-Yh8w+g2Lpx7StrvtYkoz9JJvXjB9wxgFChFNb85nrXm/wj/XTwGWS1hve9+900HL7llrntYB3YP+y32E3tRqzA=="],

    "@oxlint/binding-win32-ia32-msvc": ["@oxlint/binding-win32-ia32-msvc@1.77.0", "", { "os": "win32", "cpu": "ia32" }, "sha512-zja5b7+6a7UsRFgAQSrnax5vrzliEyNPLCjfXONu/vTWswaIVZGFajJZptaeRvPE4LghtFdAzVFlexTm7MVTGA=="],

    "@oxlint/binding-win32-x64-msvc": ["@oxlint/binding-win32-x64-msvc@1.77.0", "", { "os": "win32", "cpu": "x64" }, "sha512-+teyvPDZ2RjUvo+SuCqS/UhaJl1QtdW5fWT5NJTV61V5MIuIS90Db9LixmtEGvXixyttiK62P96MSu3UlpviBw=="],

    "@parcel/watcher": ["@parcel/watcher@2.6.0", "", { "dependencies": { "detect-libc": "^2.0.3", "is-glob": "^4.0.3", "node-addon-api": "^7.0.0", "picomatch": "^4.0.4" }, "optionalDependencies": { "@parcel/watcher-android-arm64": "2.6.0", "@parcel/watcher-darwin-arm64": "2.6.0", "@parcel/watcher-darwin-x64": "2.6.0", "@parcel/watcher-freebsd-x64": "2.6.0", "@parcel/watcher-linux-arm-glibc": "2.6.0", "@parcel/watcher-linux-arm-musl": "2.6.0", "@parcel/watcher-linux-arm64-glibc": "2.6.0", "@parcel/watcher-linux-arm64-musl": "2.6.0", "@parcel/watcher-linux-x64-glibc": "2.6.0", "@parcel/watcher-linux-x64-musl": "2.6.0", "@parcel/watcher-win32-arm64": "2.6.0", "@parcel/watcher-win32-x64": "2.6.0" } }, "sha512-7FNeNl8NCE7aINx7WXiKQrPYZWC/hvrTsmk6zmxbI7LTXE7hVek/n8AfVgpe2y82zl3w0HvCHN0bVKMBoJcC0w=="],

    "@parcel/watcher-android-arm64": ["@parcel/watcher-android-arm64@2.6.0", "", { "os": "android", "cpu": "arm64" }, "sha512-trgpLSCKRC/huFjXX/Smh+0sWe4+YtKfktIToiMl59ghz7z+qkH6kMvNnUbLyRs9N11t8l4svSCs1+5B3rOAhA=="],

    "@parcel/watcher-darwin-arm64": ["@parcel/watcher-darwin-arm64@2.6.0", "", { "os": "darwin", "cpu": "arm64" }, "sha512-Y3QV0gl7Q1zbfueunkWIERICbEojQFCgpyG7YqOGNFLsckXyI1xu9mAIUpKY9QBYzBtSkN8dBPwd3yiAO9ovMw=="],

    "@parcel/watcher-darwin-x64": ["@parcel/watcher-darwin-x64@2.6.0", "", { "os": "darwin", "cpu": "x64" }, "sha512-Ohv6OpzhUfKYD7Beb8kDvG0jbIxORCYY1JRdZnaBtnjjkJxgD7ZVL0nw2sCYd0yTMKTvz3nnTnOF3cDifK+kvw=="],

    "@parcel/watcher-freebsd-x64": ["@parcel/watcher-freebsd-x64@2.6.0", "", { "os": "freebsd", "cpu": "x64" }, "sha512-5HmXvDgs8VK+74jF9y9/2FE3/OnlcKmc56tjmSrEuZjpSZOGL+fvAu+HKJBdPs9uwoP2hE6TlSUpXZ/C5jUFmQ=="],

    "@parcel/watcher-linux-arm-glibc": ["@parcel/watcher-linux-arm-glibc@2.6.0", "", { "os": "linux", "cpu": "arm" }, "sha512-Ps/hui3A+vMbjdqlqAowK2ZL8+BO8dBjxeWXj6npTBs3jx4wWmbPpaLuqwrQrSqIVMCnpWo238bJ1U37GhQOYg=="],

    "@parcel/watcher-linux-arm-musl": ["@parcel/watcher-linux-arm-musl@2.6.0", "", { "os": "linux", "cpu": "arm" }, "sha512-9c6AUHgHoG+IY88MRIHupztQiQnrbqHYQjkM2btA+Bf/wQnQMuiD0Wfk1EVv3TlNT3x41uU71rn6E4xh/+zvkw=="],

    "@parcel/watcher-linux-arm64-glibc": ["@parcel/watcher-linux-arm64-glibc@2.6.0", "", { "os": "linux", "cpu": "arm64" }, "sha512-yHRqS2owEXe6Hic9z6Mh1ECsCd+ODVOGvZDyciqRd21+v+o+DnXMOrw50DSpIG2sb8GPEaPPmfeCAWKPJdq46g=="],

    "@parcel/watcher-linux-arm64-musl": ["@parcel/watcher-linux-arm64-musl@2.6.0", "", { "os": "linux", "cpu": "arm64" }, "sha512-WhB2e/V7rqdHHWZusBSPuy5Ei8S6lSz6FE5TKKQz5h3a0O+C+mhY7vxU9b/stqvMb8beLnPY82ZrFTLKs+SrKA=="],

    "@parcel/watcher-linux-x64-glibc": ["@parcel/watcher-linux-x64-glibc@2.6.0", "", { "os": "linux", "cpu": "x64" }, "sha512-ulGE6x6Oz6iAwg75T8YQSoguBWasniIbX+QWpaYPcCnDOpdWX3k+4xbEYPZVLxOuoJI+svJJPD3sEj8G7lrQ3A=="],

    "@parcel/watcher-linux-x64-musl": ["@parcel/watcher-linux-x64-musl@2.6.0", "", { "os": "linux", "cpu": "x64" }, "sha512-tkBYKt7YQrjIJWYDnto2YgO8MRkjlMTSNoRHzsXinBqbLdeOM3L32wPZJvIZxqaLMfSlS/4sUjH/6STVP/XDLw=="],

    "@parcel/watcher-win32-arm64": ["@parcel/watcher-win32-arm64@2.6.0", "", { "os": "win32", "cpu": "arm64" }, "sha512-gIZAP23jaHjGWasY/TY6yL7NHFClf0Ga7FN+iINvk+KN94rhm94lYZhFsbYFNcA04/onvGD9kKmiJLJB2HbNwQ=="],

    "@parcel/watcher-win32-x64": ["@parcel/watcher-win32-x64@2.6.0", "", { "os": "win32", "cpu": "x64" }, "sha512-cA+/pXV2YkfxlIcXOQ5fSWqAzzPyD78/x5qbK/I0vUkrlYHA8TIz+MXjAbGouguKVSI4bOmkTSJ1/poVSsgt+A=="],

    "@standard-schema/spec": ["@standard-schema/spec@1.1.0", "", {}, "sha512-l2aFy5jALhniG5HgqrD6jXLi/rUWrKvqN/qJx6yoJsgKhblVd+iqqU4RCXavm/jPityDo5TCvKMnpjKnOriy0w=="],

    "@types/bun": ["@types/bun@1.3.14", "", { "dependencies": { "bun-types": "1.3.14" } }, "sha512-h1hFqFVcvAvD9j9K7ZW7vd82aSA+rTdznZa+5bwvCwqSB1jmmfLcbIWhOLx1/+boy/xmjgCs/OMUL8hRJSmnPw=="],

    "@types/node": ["@types/node@26.2.0", "", { "dependencies": { "undici-types": "~8.3.0" } }, "sha512-5IviulTZeRNp2vAJ514cc/HUlY5nZ9fCbq9DMyC52BrhFZACo3nI0R7qBxhQmo/d27NFe96ur/b7Wwxklda+kg=="],

    "@typescript/typescript-aix-ppc64": ["@typescript/typescript-aix-ppc64@7.0.2", "", { "os": "aix", "cpu": "ppc64" }, "sha512-MTKKkWB7p/0E9xi1d1tHtZ5PiLkGEMIq88pK2CubZjOsLtYTLqhgIgi6zepFa+9GHZ6h05NMCkQxGKiPXMxXtQ=="],

    "@typescript/typescript-darwin-arm64": ["@typescript/typescript-darwin-arm64@7.0.2", "", { "os": "darwin", "cpu": "arm64" }, "sha512-gowzar9MwS/aRWp6f3a4KUqzRjAZjOsmGNCM6LcTgXum+dBfgsBVMN+AgvOCCbguXyick6LJhpBszxMebJ8syA=="],

    "@typescript/typescript-darwin-x64": ["@typescript/typescript-darwin-x64@7.0.2", "", { "os": "darwin", "cpu": "x64" }, "sha512-SZ9xZInqApNlNGc9s0W1VSsktYSOe9cFqNOIqmN1Gs8SmkjKZYFt017G4VwPxASInODuAdbTW7sXiFUf893RgA=="],

    "@typescript/typescript-freebsd-arm64": ["@typescript/typescript-freebsd-arm64@7.0.2", "", { "os": "freebsd", "cpu": "arm64" }, "sha512-W5NH4y/J0plIIS5b2xvTEkU7JFxyqdMAOgf+Ilhl0vHQXKO5dZoxd+C/jEtq56c4F3wk71RB4BMRQ2XdI+bwYQ=="],

    "@typescript/typescript-freebsd-x64": ["@typescript/typescript-freebsd-x64@7.0.2", "", { "os": "freebsd", "cpu": "x64" }, "sha512-UMGDx5sTpzNw3WiPebH7l90IWfJggEd+egHt/q6p7/Cm3zqoV7VxkGXt+3DxPIw8CcmvAB0j3sVVfbhX+M4Tpw=="],

    "@typescript/typescript-linux-arm": ["@typescript/typescript-linux-arm@7.0.2", "", { "os": "linux", "cpu": "arm" }, "sha512-gffT3xPz9sR7j/YJExkyPntrI0P2EP9XbOyWzth2/Gs0RstK+90RBcO0ncXoXy/beYll1SXw846Nf2zdnEz0QQ=="],

    "@typescript/typescript-linux-arm64": ["@typescript/typescript-linux-arm64@7.0.2", "", { "os": "linux", "cpu": "arm64" }, "sha512-Qh4eU4/y3yDjnfjjyPYihMj5/ODIlmt+Bzu17OI+fiSRDW57QmU5SiN63exPRNJPKUzcc1INa1NXdrJ+MqHjUQ=="],

    "@typescript/typescript-linux-loong64": ["@typescript/typescript-linux-loong64@7.0.2", "", { "os": "linux", "cpu": "none" }, "sha512-uEHck9i8hoAzXPiYRib1O7miOnz23SxIeVl6F4LXox+qov1K35jHcEW6VHKvZI+pyvl7fZEP4MCU5LYvIq1GuQ=="],

    "@typescript/typescript-linux-mips64el": ["@typescript/typescript-linux-mips64el@7.0.2", "", { "os": "linux", "cpu": "none" }, "sha512-R4KvAMnE43W5Qeqb0Ly56O3mWMWIAgsMyz36DCaycd5nbg/9kzm0liw3JocfRqyJY0KPmzFjbswozXyW0DnIYA=="],

    "@typescript/typescript-linux-ppc64": ["@typescript/typescript-linux-ppc64@7.0.2", "", { "os": "linux", "cpu": "ppc64" }, "sha512-DORx5b3sd/4S7eayxm4FQv+A7CrkUIGRaHiwI8oiHTAI1fAPWhF4J0vAlkC8biAlHSVVwxMQ3tjZ2/DVbnQiiA=="],

    "@typescript/typescript-linux-riscv64": ["@typescript/typescript-linux-riscv64@7.0.2", "", { "os": "linux", "cpu": "none" }, "sha512-wf0jqEDOjrPRnKwYRyyJDRo11KMbvMFrU+q4zqKyChODBzvlkbhNQfKvLxQCcwTpdDaXSHZTVuh0JoCrKCUMHQ=="],

    "@typescript/typescript-linux-s390x": ["@typescript/typescript-linux-s390x@7.0.2", "", { "os": "linux", "cpu": "s390x" }, "sha512-IkwJc3L7yhytWd/ewjyxNDfOmswCm9GWMJT/ue/dU4aZNbwZeYAetq42VyLmsmSjvoX7z74X6ZaYCtzAr0EuGw=="],

    "@typescript/typescript-linux-x64": ["@typescript/typescript-linux-x64@7.0.2", "", { "os": "linux", "cpu": "x64" }, "sha512-EYdf2cNg7rgCWJnxCdJ+F3V39O8ihb37eHAu1LK8oAFizgTQbPOK7zHHXbPt8rX24COqODXeI3sIf0fCXG7H/A=="],

    "@typescript/typescript-netbsd-arm64": ["@typescript/typescript-netbsd-arm64@7.0.2", "", { "os": "none", "cpu": "arm64" }, "sha512-+polYF4MF04aPpO5FTkHran9yUQDSXqy5GiSDKpsll5jy3l3+g9QLhpf39T+ePtefhXLOGrLl0QIjkQP6VnelA=="],

    "@typescript/typescript-netbsd-x64": ["@typescript/typescript-netbsd-x64@7.0.2", "", { "os": "none", "cpu": "x64" }, "sha512-8YIT0EHM/3dq10ZOVF/A7pc/YSMtbcecct4rWtexrnSCHOPcpC2KTLXfTCR6vDpnSiY12heNb1GiN/wu+T/FyA=="],

    "@typescript/typescript-openbsd-arm64": ["@typescript/typescript-openbsd-arm64@7.0.2", "", { "os": "openbsd", "cpu": "arm64" }, "sha512-APT8+ClYnuYm1u9+kgGXoMj2VzWzcymwh2gNSQVySHfkRDGOTVkoWLjCmOQSaO+PoqQ57B0flRp9SA+7GnnkzQ=="],

    "@typescript/typescript-openbsd-x64": ["@typescript/typescript-openbsd-x64@7.0.2", "", { "os": "openbsd", "cpu": "x64" }, "sha512-yX7s+Q0Dln0Dt9tEzZsAjXXR/+ytBM7AlglaqyeMPxQszJ1JhlJdZ6jLA+IzldHtflX81em7lDao1xXu+aRRkg=="],

    "@typescript/typescript-sunos-x64": ["@typescript/typescript-sunos-x64@7.0.2", "", { "os": "sunos", "cpu": "x64" }, "sha512-dLJDGaLZ1D4HPQn62u1n8mBDkJREwMsAkCdkwd4Ieqw+x3TUyTsqY0YiBCtE6H6OzzgGk3iuZ3vFWRS+E8/d1g=="],

    "@typescript/typescript-win32-arm64": ["@typescript/typescript-win32-arm64@7.0.2", "", { "os": "win32", "cpu": "arm64" }, "sha512-Gyl1Vy6OsWesLzmq+EP0Fb7b4Nid5232AvcA2SFcdYreldpNtYFFofPjnt62y9hQy7VTaZp65ICJjuAQRaVcIQ=="],

    "@typescript/typescript-win32-x64": ["@typescript/typescript-win32-x64@7.0.2", "", { "os": "win32", "cpu": "x64" }, "sha512-0BQ3HkAHHlKLSp1qRvf3SUhGpGsDuhB/jgFw75guyqbxJqEaS0Cw/VFO8i2nHglJUzQCRtMMR/IBAKE3ETMC4g=="],

    "bun-types": ["bun-types@1.3.14", "", { "dependencies": { "@types/node": "*" } }, "sha512-4N0ig0fEomHt5R0KCFWjovxow98rIoRwKolrYdCcknNwMekCXRnWEUvgu5soYV8QXtVsrUD8B95MBOZGPvr6KQ=="],

    "detect-libc": ["detect-libc@2.1.2", "", {}, "sha512-Btj2BOOO83o3WyH59e8MgXsxEQVcarkUOpEYrubB0urwnN10yQ364rsiByU11nZlqWYZm05i/of7io4mzihBtQ=="],

    "effect": ["effect@3.22.1", "", { "dependencies": { "@standard-schema/spec": "^1.0.0", "fast-check": "^3.23.1" } }, "sha512-TNoXushmPOBAjJlthF5d2QwnX2xBPEtcNJr5XKNKbRLbDvBcOYkXlYDfvGfSA0zriwLFuCll5MDtNMAdZL17PQ=="],

    "evlog": ["evlog@2.26.0", "", { "peerDependencies": { "@nestjs/common": ">=11.1.28", "@nuxt/kit": "^4.4.2", "@orpc/server": ">=1.14.8", "@tanstack/start-client-core": "^1.170.14", "ai": ">=6.0.168 <8.0.0", "elysia": ">=1.4.29", "eve": ">=0.30.0", "express": ">=5.2.1", "fastify": ">=5.10.0", "h3": "^1.15.11", "hono": ">=4.12.30", "next": ">=16.2.10", "nitro": "^3.0.260311-beta", "nitropack": "^2.13.4", "ofetch": "^1.5.1", "react": ">=19.2.7", "react-router": ">=7.18.1", "vite": "^7.0.0 || ^8.0.0" }, "optionalPeers": ["@nestjs/common", "@nuxt/kit", "@orpc/server", "@tanstack/start-client-core", "ai", "elysia", "eve", "express", "fastify", "h3", "hono", "next", "nitro", "nitropack", "ofetch", "react", "react-router", "vite"] }, "sha512-5/UrfWGJEIuPdOk2m2lBqxJcDoH+71bejl/D1U4q42A/+UPPZ11h35GvVdzn6HTMfnkfbBiRIfLBR5C8Osg47g=="],

    "fast-check": ["fast-check@3.23.2", "", { "dependencies": { "pure-rand": "^6.1.0" } }, "sha512-h5+1OzzfCC3Ef7VbtKdcv7zsstUQwUDlYpUTvjeUsJAssPgLn7QzbboPtL5ro04Mq0rPOsMzl7q5hIbRs2wD1A=="],

    "find-my-way-ts": ["find-my-way-ts@0.1.6", "", {}, "sha512-a85L9ZoXtNAey3Y6Z+eBWW658kO/MwR7zIafkIUPUMf3isZG0NCs2pjW2wtjxAKuJPxMAsHUIP4ZPGv0o5gyTA=="],

    "ini": ["ini@4.1.3", "", {}, "sha512-X7rqawQBvfdjS10YU1y1YVreA3SsLrW9dX2CewP2EbBJM4ypVNLDkO5y04gejPwKIY9lR+7r9gn3rFPt/kmWFg=="],

    "is-extglob": ["is-extglob@2.1.1", "", {}, "sha512-SbKbANkN603Vi4jEZv49LeVJMn4yGwsbzZworEoyEiutsN3nJYdbO36zfhGJ6QEDpOZIFkDtnq5JRxmvl3jsoQ=="],

    "is-glob": ["is-glob@4.0.3", "", { "dependencies": { "is-extglob": "^2.1.1" } }, "sha512-xelSayHH36ZgE7ZWhli7pW34hNbNl8Ojv5KVmkJD4hBdD3th8Tfk9vYasLM+mXWOZhFkgZfxhLSnrwRr4elSSg=="],

    "kubernetes-types": ["kubernetes-types@1.30.0", "", {}, "sha512-Dew1okvhM/SQcIa2rcgujNndZwU8VnSapDgdxlYoB84ZlpAD43U6KLAFqYo17ykSFGHNPrg0qry0bP+GJd9v7Q=="],

    "msgpackr": ["msgpackr@1.12.1", "", { "optionalDependencies": { "msgpackr-extract": "^3.0.2" } }, "sha512-4EUH9tQHnMmEgzW/MdAP0KIfa1T9AF+htl0ffe2n5vb2EKn9y2co8ccpgWko6S52Jy1PQZKwRnx5/KkYjtd9MQ=="],

    "msgpackr-extract": ["msgpackr-extract@3.0.4", "", { "dependencies": { "node-gyp-build-optional-packages": "5.2.2" }, "optionalDependencies": { "@msgpackr-extract/msgpackr-extract-darwin-arm64": "3.0.4", "@msgpackr-extract/msgpackr-extract-darwin-x64": "3.0.4", "@msgpackr-extract/msgpackr-extract-linux-arm": "3.0.4", "@msgpackr-extract/msgpackr-extract-linux-arm64": "3.0.4", "@msgpackr-extract/msgpackr-extract-linux-x64": "3.0.4", "@msgpackr-extract/msgpackr-extract-win32-x64": "3.0.4" }, "bin": { "download-msgpackr-prebuilds": "bin/download-prebuilds.js" } }, "sha512-4kmO/MdyUIkLIvTPr8VHLil4AtoKIoniWPIEk5+CDy0xnWC84azhSFmuJ7PxZdsYtiP5kEeQsORAVIeMgxT+Hw=="],

    "multipasta": ["multipasta@0.2.8", "", {}, "sha512-ZPWuMKyv0cSO29f7hozp+k6+crZbQijV8ipMvxNxRf2SwtYGTX1ZX89Kd20VV4H9Znonx+EQn+iy1wGQsJ+b+Q=="],

    "node-addon-api": ["node-addon-api@7.1.1", "", {}, "sha512-5m3bsyrjFWE1xf7nz7YXdN4udnVtXK6/Yfgn5qnahL6bCkf2yKt4k3nuTKAtT4r3IG8JNR2ncsIMdZuAzJjHQQ=="],

    "node-gyp-build-optional-packages": ["node-gyp-build-optional-packages@5.2.2", "", { "dependencies": { "detect-libc": "^2.0.1" }, "bin": { "node-gyp-build-optional-packages": "bin.js", "node-gyp-build-optional-packages-optional": "optional.js", "node-gyp-build-optional-packages-test": "build-test.js" } }, "sha512-s+w+rBWnpTMwSFbaE0UXsRlg7hU4FjekKU4eyAih5T8nJuNZT1nNsskXpxmeqSK9UzkBl6UgRlnKc8hz8IEqOw=="],

    "oxlint": ["oxlint@1.77.0", "", { "optionalDependencies": { "@oxlint/binding-android-arm-eabi": "1.77.0", "@oxlint/binding-android-arm64": "1.77.0", "@oxlint/binding-darwin-arm64": "1.77.0", "@oxlint/binding-darwin-x64": "1.77.0", "@oxlint/binding-freebsd-x64": "1.77.0", "@oxlint/binding-linux-arm-gnueabihf": "1.77.0", "@oxlint/binding-linux-arm-musleabihf": "1.77.0", "@oxlint/binding-linux-arm64-gnu": "1.77.0", "@oxlint/binding-linux-arm64-musl": "1.77.0", "@oxlint/binding-linux-ppc64-gnu": "1.77.0", "@oxlint/binding-linux-riscv64-gnu": "1.77.0", "@oxlint/binding-linux-riscv64-musl": "1.77.0", "@oxlint/binding-linux-s390x-gnu": "1.77.0", "@oxlint/binding-linux-x64-gnu": "1.77.0", "@oxlint/binding-linux-x64-musl": "1.77.0", "@oxlint/binding-openharmony-arm64": "1.77.0", "@oxlint/binding-win32-arm64-msvc": "1.77.0", "@oxlint/binding-win32-ia32-msvc": "1.77.0", "@oxlint/binding-win32-x64-msvc": "1.77.0" }, "peerDependencies": { "oxlint-tsgolint": ">=7.0.2001", "vite-plus": "*" }, "optionalPeers": ["oxlint-tsgolint", "vite-plus"], "bin": { "oxlint": "bin/oxlint" } }, "sha512-qnGh8XJHaQ0dprrDXNQZgS0FgjI6v+V3+X8DwmaV++5Aamy6jGKfDdQ1TUvhUxtmKFAbEf4/WeO5QZX+5WSngg=="],

    "oxlint-tsgolint": ["oxlint-tsgolint@7.0.2001", "", { "optionalDependencies": { "@oxlint-tsgolint/darwin-arm64": "7.0.2001", "@oxlint-tsgolint/darwin-x64": "7.0.2001", "@oxlint-tsgolint/linux-arm64": "7.0.2001", "@oxlint-tsgolint/linux-x64": "7.0.2001", "@oxlint-tsgolint/win32-arm64": "7.0.2001", "@oxlint-tsgolint/win32-x64": "7.0.2001" }, "bin": { "tsgolint": "./bin/tsgolint.js" } }, "sha512-KjK/XLcXr1DSyonKhsuFqJRiuKqcyG9j3LJ8nkOsrLzGvodBPqzHOKauy10asLMDI0sUpvb+1sxlzff3udZvfg=="],

    "picomatch": ["picomatch@4.0.5", "", {}, "sha512-RvwwcruNjI1ncT5xRakeyS9Lf8lcItv34KD+aif+VH9kduAyfYBipGh12274xtenIPZ119/R9BdTBa8gAwSh0A=="],

    "pure-rand": ["pure-rand@6.1.0", "", {}, "sha512-bVWawvoZoBYpp6yIoQtQXHZjmz35RSVHnUOTefl8Vcjr8snTPY1wnpSPMWekcFwbxI6gtmT7rSYPFvz71ldiOA=="],

    "toml": ["toml@3.0.0", "", {}, "sha512-y/mWCZinnvxjTKYhJ+pYxwD0mRLVvOtdS2Awbgxln6iEnt4rk0yBxeSBHkGJcPucRiG0e55mwWp+g/05rsrd6w=="],

    "typescript": ["typescript@7.0.2", "", { "optionalDependencies": { "@typescript/typescript-aix-ppc64": "7.0.2", "@typescript/typescript-darwin-arm64": "7.0.2", "@typescript/typescript-darwin-x64": "7.0.2", "@typescript/typescript-freebsd-arm64": "7.0.2", "@typescript/typescript-freebsd-x64": "7.0.2", "@typescript/typescript-linux-arm": "7.0.2", "@typescript/typescript-linux-arm64": "7.0.2", "@typescript/typescript-linux-loong64": "7.0.2", "@typescript/typescript-linux-mips64el": "7.0.2", "@typescript/typescript-linux-ppc64": "7.0.2", "@typescript/typescript-linux-riscv64": "7.0.2", "@typescript/typescript-linux-s390x": "7.0.2", "@typescript/typescript-linux-x64": "7.0.2", "@typescript/typescript-netbsd-arm64": "7.0.2", "@typescript/typescript-netbsd-x64": "7.0.2", "@typescript/typescript-openbsd-arm64": "7.0.2", "@typescript/typescript-openbsd-x64": "7.0.2", "@typescript/typescript-sunos-x64": "7.0.2", "@typescript/typescript-win32-arm64": "7.0.2", "@typescript/typescript-win32-x64": "7.0.2" }, "bin": { "tsc": "bin/tsc" } }, "sha512-8FYau96o3NKOhbjKi/qNvG/W5jhzxkbdm5sj9AbZ/5T5sWqn3hJgLfGx27sRKZWTvyzCP8dLRBTf5tBTSRVUNA=="],

    "undici-types": ["undici-types@8.3.0", "", {}, "sha512-j375ScV60dom+YkPFIfTLcOiPxkN/buHz5GobjLhixFuANaNs3C9l4GmrWqejgXWJ7BbJcFYpTEUkS1Ge8bpZQ=="],

    "uuid": ["uuid@11.1.1", "", { "bin": { "uuid": "dist/esm/bin/uuid" } }, "sha512-vIYxrBCC/N/K+Js3qSN88go7kIfNPssr/hHCesKCQNAjmgvYS2oqr69kIufEG+O4+PfezOH4EbIeHCfFov8ZgQ=="],

    "ws": ["ws@8.21.3", "", { "peerDependencies": { "bufferutil": "^4.0.1", "utf-8-validate": ">=5.0.2" }, "optionalPeers": ["bufferutil", "utf-8-validate"] }, "sha512-201TZ/kPWxoPr/OKWjquZR1SWKXcvxdH+e1xrx89b3YbmzLMFCLfnaG1HFIgWzJOEWZ7MvpK++odZufgYR50Rw=="],

    "yaml": ["yaml@2.9.0", "", { "bin": { "yaml": "bin.mjs" } }, "sha512-2AvhNX3mb8zd6Zy7INTtSpl1F15HW6Wnqj0srWlkKLcpYl/gMIMJiyuGq2KeI2YFxUPjdlB+3Lc10seMLtL4cA=="],
  }
}
