version = 1
revision = 3
requires-python = ">=3.11"

[[package]]
name = "freeciv-agent-eval"
version = "0.1.0"
source = { virtual = "." }

[package.dev-dependencies]
dev = [
    { name = "ruff" },
    { name = "ty" },
]

[package.metadata]

[package.metadata.requires-dev]
dev = [
    { name = "ruff", specifier = ">=0.15.10" },
    { name = "ty", specifier = ">=0.0.1a26" },
]

[[package]]
name = "ruff"
version = "0.16.1"
source = { registry = "https://pypi.org/simple" }
sdist = { url = "https://files.pythonhosted.org/packages/70/25/7113f6d5498888c5fb7db34081cba7d5971c4cb1bfb26819966eee68f003/ruff-0.16.1.tar.gz", hash = "sha256:fedad7c801dabd3fb9741d76aca39246e6ddd9ca446a015875207bf19f1e6bc7", size = 4877500, upload-time = "2026-07-30T19:37:01.379Z" }
wheels = [
    { url = "https://files.pythonhosted.org/packages/1b/bd/694da69368e0973de65df2ddc73ab18d43c469d5963d9b150911de6bc513/ruff-0.16.1-py3-none-linux_armv6l.whl", hash = "sha256:58edb313b88f0c5460a26adf5f39a37a3be789494a15e3e411e35fa78b89f9a0", size = 10839126, upload-time = "2026-07-30T19:36:13.697Z" },
    { url = "https://files.pythonhosted.org/packages/3f/f0/b626e5d5bd0dd9576263658ef12885e2288afd1029a48e26ffed65ec1ac1/ruff-0.16.1-py3-none-macosx_10_12_x86_64.whl", hash = "sha256:fde5a99e2f97479af66edd6622c6d5a2a7592c77cf4153d9e4428f5eeb55b60c", size = 11070253, upload-time = "2026-07-30T19:36:17.14Z" },
    { url = "https://files.pythonhosted.org/packages/83/63/f40acfb6b35b88623e71684942b552c3edd96035f5d98f313815f7b277de/ruff-0.16.1-py3-none-macosx_11_0_arm64.whl", hash = "sha256:e0d4c20532fca4f7fa609369161d968dd28f65d83dabbd61d8e9c7edbf7001f6", size = 10561425, upload-time = "2026-07-30T19:36:20.04Z" },
    { url = "https://files.pythonhosted.org/packages/aa/dd/14ec0e9c2b4d315547dd38765004b4863e354e1b52cb308272215d9f6f6d/ruff-0.16.1-py3-none-manylinux_2_17_aarch64.manylinux2014_aarch64.whl", hash = "sha256:30affbcedf59ad5703d9c91f82266e02b47739f797e1a7b6e158e5526a6dae38", size = 10948879, upload-time = "2026-07-30T19:36:22.476Z" },
    { url = "https://files.pythonhosted.org/packages/33/e9/9d870cbae575030fdef595f04b4b97573c525b5497cce4f4498cf2f85446/ruff-0.16.1-py3-none-manylinux_2_17_armv7l.manylinux2014_armv7l.whl", hash = "sha256:24e9c631573cbca9d20f1283f8f479b2afa4a8503504822bd71a293889f16743", size = 10643691, upload-time = "2026-07-30T19:36:24.914Z" },
    { url = "https://files.pythonhosted.org/packages/c4/09/12743d544e2173f53ecd27217c65f90d2bc0f8424a66a60339e56bbc0457/ruff-0.16.1-py3-none-manylinux_2_17_i686.manylinux2014_i686.whl", hash = "sha256:b41bdd48fb420987a9b5212e4957c26ad4abce401fa9ea9d4d85843727945f4f", size = 11435354, upload-time = "2026-07-30T19:36:28.447Z" },
    { url = "https://files.pythonhosted.org/packages/7f/89/a1652b2daee52083c9554a6333b678a8b01d0400f976827bb87857f9449a/ruff-0.16.1-py3-none-manylinux_2_17_ppc64le.manylinux2014_ppc64le.whl", hash = "sha256:b0d1e1393b7648079e13669de1c1f4fde06d4583e84d8fd5c1551e0a77a2aa75", size = 12259033, upload-time = "2026-07-30T19:36:31.326Z" },
    { url = "https://files.pythonhosted.org/packages/16/96/ecdcb8c54ee7b123b487f807eb014e6e019155a0b81dfb669acd52f28ce3/ruff-0.16.1-py3-none-manylinux_2_17_s390x.manylinux2014_s390x.whl", hash = "sha256:07bf434b1c95f4e093be4532068ef4fcf00924eb2ade8796075980902d6fd54a", size = 11667981, upload-time = "2026-07-30T19:36:34.394Z" },
    { url = "https://files.pythonhosted.org/packages/cd/90/c52e12e0d862e9572f2a33aa227409143520abe53111e9a6babbac7b4af8/ruff-0.16.1-py3-none-manylinux_2_17_x86_64.manylinux2014_x86_64.whl", hash = "sha256:39897739f112253ee4fdd2e8aa9a4f9ded99fb2be367d5f31dfa4ded6025584c", size = 11468183, upload-time = "2026-07-30T19:36:37.339Z" },
    { url = "https://files.pythonhosted.org/packages/2c/6b/4ffb7ad1d83eb16cf8cbb3c8815d3f11c88460fd162d4b372a2059be1c2a/ruff-0.16.1-py3-none-manylinux_2_31_riscv64.whl", hash = "sha256:82ae3c0c0d74daf17b968a10b7b3bb3ef297ab7de0c1f749646b25e690ccb150", size = 11470071, upload-time = "2026-07-30T19:36:39.91Z" },
    { url = "https://files.pythonhosted.org/packages/9c/72/32ae7db4c0b5e32ab611787caa19d1546800676d79f7483b7100a3561bf4/ruff-0.16.1-py3-none-musllinux_1_2_aarch64.whl", hash = "sha256:4d5f2ed10f8242d83fc08d521301089364e3375375705356f20c0e31606ef3ef", size = 10919503, upload-time = "2026-07-30T19:36:42.65Z" },
    { url = "https://files.pythonhosted.org/packages/f7/ca/3d901ba6ad6fc38da39c3448fc6c59ac945679293a17c3ceb6d6c1cba13e/ruff-0.16.1-py3-none-musllinux_1_2_armv7l.whl", hash = "sha256:a4665b309891f83f3e3c25447935f1213e9abbd4b5640af7a1f2def9f8d413c1", size = 10649861, upload-time = "2026-07-30T19:36:45.18Z" },
    { url = "https://files.pythonhosted.org/packages/92/79/894ef1ced26552d5f8c9cf6d85b0687840e1128c55aeab7b9c2d54a0d880/ruff-0.16.1-py3-none-musllinux_1_2_i686.whl", hash = "sha256:26e9ca5c9bc3971f20d3cf18a957f52ffd6a5f6564ff15c4912a144dcac22494", size = 11148137, upload-time = "2026-07-30T19:36:47.936Z" },
    { url = "https://files.pythonhosted.org/packages/2d/69/3609a09fa1cb46cc28b762363e440a354204e5dff01bd0c8d7437874d6b9/ruff-0.16.1-py3-none-musllinux_1_2_x86_64.whl", hash = "sha256:67e1e1e3fa4f0c82f0e36d4cd61e661f6e7a6196cb1aa92fe0828fa7b8f257cd", size = 11559211, upload-time = "2026-07-30T19:36:50.448Z" },
    { url = "https://files.pythonhosted.org/packages/fc/8a/fb22af2fd78a736e241fabf67e30ce1799a64244026377a49e133af90762/ruff-0.16.1-py3-none-win32.whl", hash = "sha256:d31765e131295b8445caf301e3e8a85b34d1b9b211b4109b7ba457888b051806", size = 10838258, upload-time = "2026-07-30T19:36:53.298Z" },
    { url = "https://files.pythonhosted.org/packages/d4/35/e57fd9fb5d423961df087a00b12d42c0a830288dc2f3b45ecca299158b4f/ruff-0.16.1-py3-none-win_amd64.whl", hash = "sha256:09b05e8b90c2cb06ad63464350e7a45e8e44a2dfe52072ebfba6666ca8d3f596", size = 11961111, upload-time = "2026-07-30T19:36:56.107Z" },
    { url = "https://files.pythonhosted.org/packages/cb/46/240ea004bf6dc4feb40e9832f2205a476a47dd5b8a3f8211a5fc5f95e20e/ruff-0.16.1-py3-none-win_arm64.whl", hash = "sha256:dbaadaac38c70239f056d306b7476f246b0bf000fa6b3876402acbf5b227eaf8", size = 11309414, upload-time = "2026-07-30T19:36:58.79Z" },
]

[[package]]
name = "ty"
version = "0.0.65"
source = { registry = "https://pypi.org/simple" }
sdist = { url = "https://files.pythonhosted.org/packages/d6/54/cf561927e8e9ab5c1892a833b664aa9cd6f051a75f6280c66d8047246bda/ty-0.0.65.tar.gz", hash = "sha256:b7134bffcc00b715fa8291e84d845782ced810a998dc1f7f11d71c85c4046325", size = 6460098, upload-time = "2026-07-29T18:31:03.27Z" }
wheels = [
    { url = "https://files.pythonhosted.org/packages/7b/4e/71e2d325d2b53a1afad81624ad076b2ede413213fc4a18cb05b78c568571/ty-0.0.65-py3-none-linux_armv6l.whl", hash = "sha256:dc556c9f05408bef4c4ef02b2cc382e4e5f797b4b20d64410289848f0d76705f", size = 12298466, upload-time = "2026-07-29T18:30:12.744Z" },
    { url = "https://files.pythonhosted.org/packages/57/77/fec8f29647c55794efa430a7f365e44f5ce7ffb6459d9445a87fac569bec/ty-0.0.65-py3-none-macosx_10_12_x86_64.whl", hash = "sha256:29d2e0d34cc0a28a17ef0cf81135c5ebabc3562131f9079138ba5e7bae0f56bd", size = 11942421, upload-time = "2026-07-29T18:30:16.076Z" },
    { url = "https://files.pythonhosted.org/packages/13/09/7f3766aef9dc627e2698cf4e3e59cf53389dcae3812040d33c1aa931230f/ty-0.0.65-py3-none-macosx_11_0_arm64.whl", hash = "sha256:685f49a9312bbf69d5b65bbb66384fed1f927403ea030c217b9289092d7e46c4", size = 11451922, upload-time = "2026-07-29T18:30:19.155Z" },
    { url = "https://files.pythonhosted.org/packages/cb/7b/1a77cd50e0befb50f55b8bf9bd3ed3eddf184bf28c61b56727039e0774fc/ty-0.0.65-py3-none-manylinux_2_17_aarch64.manylinux2014_aarch64.whl", hash = "sha256:6f564b5ebe78e2f3a8e7b8eacb1292eb88b7c0f3c8630671cfca31abc0709cd9", size = 11994999, upload-time = "2026-07-29T18:30:22.315Z" },
    { url = "https://files.pythonhosted.org/packages/63/7b/feda16f3a4a0a99be27431e0c9598eeeec0db1eb2fec9a15976698209418/ty-0.0.65-py3-none-manylinux_2_17_armv7l.manylinux2014_armv7l.whl", hash = "sha256:c983e156fe9e113fb56389e13d327b6b8549fe866de9b269684723a88e9b732d", size = 12090662, upload-time = "2026-07-29T18:30:24.93Z" },
    { url = "https://files.pythonhosted.org/packages/ed/3e/3f69bf9c9307dbdc0771719f65ce5b556e7bdeeaccbdd599d4f57866d801/ty-0.0.65-py3-none-manylinux_2_17_i686.manylinux2014_i686.whl", hash = "sha256:e3663b7396e8b1a9954e20e732de7ccb0192bf4118473069b4945920d6923921", size = 12822094, upload-time = "2026-07-29T18:30:28.012Z" },
    { url = "https://files.pythonhosted.org/packages/90/38/8fa791b3bb503ee2b46ad81690cd1bdd54519582df6d805cee57fe143e85/ty-0.0.65-py3-none-manylinux_2_17_ppc64le.manylinux2014_ppc64le.whl", hash = "sha256:306ed01f29d6e108e98feb233dbbf5878a027603b71bd3743b343977933a9f16", size = 13357833, upload-time = "2026-07-29T18:30:31.122Z" },
    { url = "https://files.pythonhosted.org/packages/c1/73/4dda396a201e1dd0ed3594a9b48e559cb41c4bc048c6cd4c4d1b39eb4313/ty-0.0.65-py3-none-manylinux_2_17_s390x.manylinux2014_s390x.whl", hash = "sha256:28bcfc8898c94f079a9100e684bcf312b6a64ad3a7d4ebb35a4591546030a2cd", size = 12977303, upload-time = "2026-07-29T18:30:33.944Z" },
    { url = "https://files.pythonhosted.org/packages/a5/26/c250c2c569adc53a8591716641388397bcb2a442e4a30b952ae81b50c0e0/ty-0.0.65-py3-none-manylinux_2_17_x86_64.manylinux2014_x86_64.whl", hash = "sha256:5a75bd0c245c38802a8f488378e74f92feb7dd33db7d63fbdd6fdf82791ba730", size = 12579338, upload-time = "2026-07-29T18:30:37.199Z" },
    { url = "https://files.pythonhosted.org/packages/d3/94/4a5647d44753ca218fc930d7e4d9bf468d0ed4a0ad4b3d57588bc1bbacf7/ty-0.0.65-py3-none-manylinux_2_31_riscv64.whl", hash = "sha256:9e5e1bdea9662d2b5312b4e99f319f4e6e2ea427511b5fbc546141b79ec53f76", size = 12957731, upload-time = "2026-07-29T18:30:39.937Z" },
    { url = "https://files.pythonhosted.org/packages/36/b6/1e22fa11a1e0dfb20b1c7f3cbfd8170273aada2a82f9ecd3055275370c44/ty-0.0.65-py3-none-musllinux_1_2_aarch64.whl", hash = "sha256:03a88493d4842889f65280ae241e06b399d57eb3c63571054cad21a4c33b3b69", size = 11938625, upload-time = "2026-07-29T18:30:42.603Z" },
    { url = "https://files.pythonhosted.org/packages/5c/0a/fe5f22ef62b193201bc5566762e22049762cd485bfafb5095a7050760054/ty-0.0.65-py3-none-musllinux_1_2_armv7l.whl", hash = "sha256:600b8bf6f4940cf7ffb2f43d3716faaf38dcb97cd8617c55771451bc0276408f", size = 12105592, upload-time = "2026-07-29T18:30:45.419Z" },
    { url = "https://files.pythonhosted.org/packages/76/fd/922b3a6e9d697452cdbb4b7e3f636868add5ec652154518a736e4364f3b7/ty-0.0.65-py3-none-musllinux_1_2_i686.whl", hash = "sha256:0c28007bc79d648c1ddaf1e65885d07baec48eb87240da442f608e4107c1b7d8", size = 12387335, upload-time = "2026-07-29T18:30:48.405Z" },
    { url = "https://files.pythonhosted.org/packages/77/22/a1a08ebc84c083db2fb55e3b5cd186db0c067692f4921146f601360231e2/ty-0.0.65-py3-none-musllinux_1_2_x86_64.whl", hash = "sha256:c852da96091ad22361e6586b7c7ba98e1334dcd4d8ffb67e47f4fb673de33f77", size = 12682710, upload-time = "2026-07-29T18:30:51.364Z" },
    { url = "https://files.pythonhosted.org/packages/81/14/eaaa410a25bbdea19722109b5422380a0e211b3afcf3071d15953ddbd5db/ty-0.0.65-py3-none-win32.whl", hash = "sha256:cf529d538f1403b14b0511e6ec3cdb95d3d974adabf24cc76cedc533368c3edc", size = 11692341, upload-time = "2026-07-29T18:30:54.35Z" },
    { url = "https://files.pythonhosted.org/packages/bc/0f/6d48f206dce9d7e53fe3b5ea0f0ab5800dd9d2365b2b48f736783436c43f/ty-0.0.65-py3-none-win_amd64.whl", hash = "sha256:234a321e33c7cbbfbd67bfa0b01b685dd9c21f1841781a21e5ca1fa0b25f1d5d", size = 12729355, upload-time = "2026-07-29T18:30:57.275Z" },
    { url = "https://files.pythonhosted.org/packages/96/aa/7446f7725e303cf78e058c893af1f0552b9451895454908706f4c6c3494b/ty-0.0.65-py3-none-win_arm64.whl", hash = "sha256:b9424be1ec56d93ff18609fb1c0a0a2283fe1282cd6d1c7604f97d73b94d61f2", size = 12051375, upload-time = "2026-07-29T18:31:00.579Z" },
]
